
Microsoft Visual Studio Solution File, Format Version 12.00
# Visual Studio 15
VisualStudioVersion = 15.0.27703.2047
MinimumVisualStudioVersion = 10.0.40219.1
Project("{FAE04EC0-301F-11D3-BF4B-00C04F79EFBC}") = "Grouping", "Grouping\Grouping.csproj", "{FA4A95FE-15D6-4ADD-BCA3-269C7ADAF8EF}"
EndProject
Global
	GlobalSection(SolutionConfigurationPlatforms) = preSolution
		Debug|Any CPU = Debug|Any CPU
		Release|Any CPU = Release|Any CPU
	EndGlobalSection
	GlobalSection(ProjectConfigurationPlatforms) = postSolution
		{FA4A95FE-15D6-4ADD-BCA3-269C7ADAF8EF}.Debug|Any CPU.ActiveCfg = Debug|Any CPU
		{FA4A95FE-15D6-4ADD-BCA3-269C7ADAF8EF}.Debug|Any CPU.Build.0 = Debug|Any CPU
		{FA4A95FE-15D6-4ADD-BCA3-269C7ADAF8EF}.Release|Any CPU.ActiveCfg = Release|Any CPU
		{FA4A95FE-15D6-4ADD-BCA3-269C7ADAF8EF}.Release|Any CPU.Build.0 = Release|Any CPU
	EndGlobalSection
	GlobalSection(SolutionProperties) = preSolution
		HideSolutionNode = FALSE
	EndGlobalSection
	GlobalSection(ExtensibilityGlobals) = postSolution
		SolutionGuid = {7A34C501-4921-4AE6-8B4B-6E52778C5ECF}
	EndGlobalSection
EndGlobal
